
Microsoft Visual Studio Solution File, Format Version 12.00
# Visual Studio Version 16
VisualStudioVersion = 16.0.32228.343
MinimumVisualStudioVersion = 10.0.40219.1
Project("{9A19103F-16F7-4668-BE54-9A1E7A4F7556}") = "LTW_Buoi2", "LTW_Buoi2.csproj", "{0AF32979-43EA-4F4A-BE3D-BDC8BDCAF013}"
EndProject
Global
	GlobalSection(SolutionConfigurationPlatforms) = preSolution
		Debug|Any CPU = Debug|Any CPU
		Release|Any CPU = Release|Any CPU
	EndGlobalSection
	GlobalSection(ProjectConfigurationPlatforms) = postSolution
		{0AF32979-43EA-4F4A-BE3D-BDC8BDCAF013}.Debug|Any CPU.ActiveCfg = Debug|Any CPU
		{0AF32979-43EA-4F4A-BE3D-BDC8BDCAF013}.Debug|Any CPU.Build.0 = Debug|Any CPU
		{0AF32979-43EA-4F4A-BE3D-BDC8BDCAF013}.Release|Any CPU.ActiveCfg = Release|Any CPU
		{0AF32979-43EA-4F4A-BE3D-BDC8BDCAF013}.Release|Any CPU.Build.0 = Release|Any CPU
	EndGlobalSection
	GlobalSection(SolutionProperties) = preSolution
		HideSolutionNode = FALSE
	EndGlobalSection
	GlobalSection(ExtensibilityGlobals) = postSolution
		SolutionGuid = {3B01557D-5ACB-4326-A96D-521E9026C634}
	EndGlobalSection
EndGlobal
